// !$*UTF8*$!
{
	archiveVersion = 1;
	classes = {
	};
	objectVersion = 52;
	objects = {

/* Begin PBXBuildFile section */
		7A866F2F27A3CE6F00813C2F /* YouboraJWPlayerAdapter.h in Headers */ = {isa = PBXBuildFile; fileRef = 7A866F2D27A3CE6F00813C2F /* YouboraJWPlayerAdapter.h */; settings = {ATTRIBUTES = (Public, ); }; };
		7A866F3827A3CEB200813C2F /* YBJWPlayerAdapter.swift in Sources */ = {isa = PBXBuildFile; fileRef = 7A866F3727A3CEB200813C2F /* YBJWPlayerAdapter.swift */; };
		7A866F3A27A3D52F00813C2F /* Constants.swift in Sources */ = {isa = PBXBuildFile; fileRef = 7A866F3927A3D52F00813C2F /* Constants.swift */; };
		7A866F3C27A403C300813C2F /* YBJWPlayerAdsAdapter.swift in Sources */ = {isa = PBXBuildFile; fileRef = 7A866F3B27A403C300813C2F /* YBJWPlayerAdsAdapter.swift */; };
		7AF59E1427DFB71D006493E5 /* YouboraLib.xcframework in Frameworks */ = {isa = PBXBuildFile; fileRef = 7AF59E1327DFB71D006493E5 /* YouboraLib.xcframework */; };
/* End PBXBuildFile section */

/* Begin PBXFileReference section */
		7A866F2A27A3CE6F00813C2F /* YouboraJWPlayerAdapter.framework */ = {isa = PBXFileReference; explicitFileType = wrapper.framework; includeInIndex = 0; path = YouboraJWPlayerAdapter.framework; sourceTree = BUILT_PRODUCTS_DIR; };
		7A866F2D27A3CE6F00813C2F /* YouboraJWPlayerAdapter.h */ = {isa = PBXFileReference; lastKnownFileType = sourcecode.c.h; path = YouboraJWPlayerAdapter.h; sourceTree = "<group>"; };
		7A866F2E27A3CE6F00813C2F /* Info.plist */ = {isa = PBXFileReference; lastKnownFileType = text.plist.xml; path = Info.plist; sourceTree = "<group>"; };
		7A866F3727A3CEB200813C2F /* YBJWPlayerAdapter.swift */ = {isa = PBXFileReference; lastKnownFileType = sourcecode.swift; path = YBJWPlayerAdapter.swift; sourceTree = "<group>"; };
		7A866F3927A3D52F00813C2F /* Constants.swift */ = {isa = PBXFileReference; lastKnownFileType = sourcecode.swift; path = Constants.swift; sourceTree = "<group>"; };
		7A866F3B27A403C300813C2F /* YBJWPlayerAdsAdapter.swift */ = {isa = PBXFileReference; lastKnownFileType = sourcecode.swift; path = YBJWPlayerAdsAdapter.swift; sourceTree = "<group>"; };
		7AF59E1327DFB71D006493E5 /* YouboraLib.xcframework */ = {isa = PBXFileReference; lastKnownFileType = wrapper.xcframework; name = YouboraLib.xcframework; path = Carthage/Build/YouboraLib.xcframework; sourceTree = "<group>"; };
/* End PBXFileReference section */

/* Begin PBXFrameworksBuildPhase section */
		7A866F2727A3CE6F00813C2F /* Frameworks */ = {
			isa = PBXFrameworksBuildPhase;
			buildActionMask = 2147483647;
			files = (
				7AF59E1427DFB71D006493E5 /* YouboraLib.xcframework in Frameworks */,
			);
			runOnlyForDeploymentPostprocessing = 0;
		};
/* End PBXFrameworksBuildPhase section */

/* Begin PBXGroup section */
		7A866F2027A3CE6F00813C2F = {
			isa = PBXGroup;
			children = (
				7A866F2C27A3CE6F00813C2F /* YouboraJWPlayerAdapter */,
				7A866F2B27A3CE6F00813C2F /* Products */,
				9ED0F5B21E9D4D1D68A00D75 /* Pods */,
				7AF59E1227DFB71D006493E5 /* Frameworks */,
			);
			sourceTree = "<group>";
		};
		7A866F2B27A3CE6F00813C2F /* Products */ = {
			isa = PBXGroup;
			children = (
				7A866F2A27A3CE6F00813C2F /* YouboraJWPlayerAdapter.framework */,
			);
			name = Products;
			sourceTree = "<group>";
		};
		7A866F2C27A3CE6F00813C2F /* YouboraJWPlayerAdapter */ = {
			isa = PBXGroup;
			children = (
				7A866F2D27A3CE6F00813C2F /* YouboraJWPlayerAdapter.h */,
				7A866F3927A3D52F00813C2F /* Constants.swift */,
				7A866F3527A3CE8700813C2F /* adapter */,
				7A866F3627A3CE8C00813C2F /* adsAdapter */,
				7A866F2E27A3CE6F00813C2F /* Info.plist */,
			);
			path = YouboraJWPlayerAdapter;
			sourceTree = "<group>";
		};
		7A866F3527A3CE8700813C2F /* adapter */ = {
			isa = PBXGroup;
			children = (
				7A866F3727A3CEB200813C2F /* YBJWPlayerAdapter.swift */,
			);
			path = adapter;
			sourceTree = "<group>";
		};
		7A866F3627A3CE8C00813C2F /* adsAdapter */ = {
			isa = PBXGroup;
			children = (
				7A866F3B27A403C300813C2F /* YBJWPlayerAdsAdapter.swift */,
			);
			path = adsAdapter;
			sourceTree = "<group>";
		};
		7AF59E1227DFB71D006493E5 /* Frameworks */ = {
			isa = PBXGroup;
			children = (
				7AF59E1327DFB71D006493E5 /* YouboraLib.xcframework */,
			);
			name = Frameworks;
			sourceTree = "<group>";
		};
		9ED0F5B21E9D4D1D68A00D75 /* Pods */ = {
			isa = PBXGroup;
			children = (
			);
			path = Pods;
			sourceTree = "<group>";
		};
/* End PBXGroup section */

/* Begin PBXHeadersBuildPhase section */
		7A866F2527A3CE6F00813C2F /* Headers */ = {
			isa = PBXHeadersBuildPhase;
			buildActionMask = 2147483647;
			files = (
				7A866F2F27A3CE6F00813C2F /* YouboraJWPlayerAdapter.h in Headers */,
			);
			runOnlyForDeploymentPostprocessing = 0;
		};
/* End PBXHeadersBuildPhase section */

/* Begin PBXNativeTarget section */
		7A866F2927A3CE6F00813C2F /* YouboraJWPlayerAdapter */ = {
			isa = PBXNativeTarget;
			buildConfigurationList = 7A866F3227A3CE6F00813C2F /* Build configuration list for PBXNativeTarget "YouboraJWPlayerAdapter" */;
			buildPhases = (
				7A866F2527A3CE6F00813C2F /* Headers */,
				7A866F2627A3CE6F00813C2F /* Sources */,
				7A866F2727A3CE6F00813C2F /* Frameworks */,
				7A866F2827A3CE6F00813C2F /* Resources */,
			);
			buildRules = (
			);
			dependencies = (
			);
			name = YouboraJWPlayerAdapter;
			productName = YouboraJWPlayerAdapter;
			productReference = 7A866F2A27A3CE6F00813C2F /* YouboraJWPlayerAdapter.framework */;
			productType = "com.apple.product-type.framework";
		};
/* End PBXNativeTarget section */

/* Begin PBXProject section */
		7A866F2127A3CE6F00813C2F /* Project object */ = {
			isa = PBXProject;
			attributes = {
				LastUpgradeCheck = 1250;
				ORGANIZATIONNAME = NPAW;
				TargetAttributes = {
					7A866F2927A3CE6F00813C2F = {
						CreatedOnToolsVersion = 12.5.1;
						LastSwiftMigration = 1250;
					};
				};
			};
			buildConfigurationList = 7A866F2427A3CE6F00813C2F /* Build configuration list for PBXProject "YouboraJWPlayerAdapter" */;
			compatibilityVersion = "Xcode 9.3";
			developmentRegion = en;
			hasScannedForEncodings = 0;
			knownRegions = (
				en,
				Base,
			);
			mainGroup = 7A866F2027A3CE6F00813C2F;
			productRefGroup = 7A866F2B27A3CE6F00813C2F /* Products */;
			projectDirPath = "";
			projectRoot = "";
			targets = (
				7A866F2927A3CE6F00813C2F /* YouboraJWPlayerAdapter */,
			);
		};
/* End PBXProject section */

/* Begin PBXResourcesBuildPhase section */
		7A866F2827A3CE6F00813C2F /* Resources */ = {
			isa = PBXResourcesBuildPhase;
			buildActionMask = 2147483647;
			files = (
			);
			runOnlyForDeploymentPostprocessing = 0;
		};
/* End PBXResourcesBuildPhase section */

/* Begin PBXSourcesBuildPhase section */
		7A866F2627A3CE6F00813C2F /* Sources */ = {
			isa = PBXSourcesBuildPhase;
			buildActionMask = 2147483647;
			files = (
				7A866F3827A3CEB200813C2F /* YBJWPlayerAdapter.swift in Sources */,
				7A866F3C27A403C300813C2F /* YBJWPlayerAdsAdapter.swift in Sources */,
				7A866F3A27A3D52F00813C2F /* Constants.swift in Sources */,
			);
			runOnlyForDeploymentPostprocessing = 0;
		};
/* End PBXSourcesBuildPhase section */

/* Begin XCBuildConfiguration section */
		7A866F3027A3CE6F00813C2F /* Debug */ = {
			isa = XCBuildConfiguration;
			buildSettings = {
				ALWAYS_SEARCH_USER_PATHS = NO;
				CLANG_ANALYZER_NONNULL = YES;
				CLANG_ANALYZER_NUMBER_OBJECT_CONVERSION = YES_AGGRESSIVE;
				CLANG_CXX_LANGUAGE_STANDARD = "gnu++14";
				CLANG_CXX_LIBRARY = "libc++";
				CLANG_ENABLE_MODULES = YES;
				CLANG_ENABLE_OBJC_ARC = YES;
				CLANG_ENABLE_OBJC_WEAK = YES;
				CLANG_WARN_BLOCK_CAPTURE_AUTORELEASING = YES;
				CLANG_WARN_BOOL_CONVERSION = YES;
				CLANG_WARN_COMMA = YES;
				CLANG_WARN_CONSTANT_CONVERSION = YES;
				CLANG_WARN_DEPRECATED_OBJC_IMPLEMENTATIONS = YES;
				CLANG_WARN_DIRECT_OBJC_ISA_USAGE = YES_ERROR;
				CLANG_WARN_DOCUMENTATION_COMMENTS = YES;
				CLANG_WARN_EMPTY_BODY = YES;
				CLANG_WARN_ENUM_CONVERSION = YES;
				CLANG_WARN_INFINITE_RECURSION = YES;
				CLANG_WARN_INT_CONVERSION = YES;
				CLANG_WARN_NON_LITERAL_NULL_CONVERSION = YES;
				CLANG_WARN_OBJC_IMPLICIT_RETAIN_SELF = YES;
				CLANG_WARN_OBJC_LITERAL_CONVERSION = YES;
				CLANG_WARN_OBJC_ROOT_CLASS = YES_ERROR;
				CLANG_WARN_QUOTED_INCLUDE_IN_FRAMEWORK_HEADER = YES;
				CLANG_WARN_RANGE_LOOP_ANALYSIS = YES;
				CLANG_WARN_STRICT_PROTOTYPES = YES;
				CLANG_WARN_SUSPICIOUS_MOVE = YES;
				CLANG_WARN_UNGUARDED_AVAILABILITY = YES_AGGRESSIVE;
				CLANG_WARN_UNREACHABLE_CODE = YES;
				CLANG_WARN__DUPLICATE_METHOD_MATCH = YES;
				COPY_PHASE_STRIP = NO;
				CURRENT_PROJECT_VERSION = 1;
				DEBUG_INFORMATION_FORMAT = dwarf;
				ENABLE_STRICT_OBJC_MSGSEND = YES;
				ENABLE_TESTABILITY = YES;
				GCC_C_LANGUAGE_STANDARD = gnu11;
				GCC_DYNAMIC_NO_PIC = NO;
				GCC_NO_COMMON_BLOCKS = YES;
				GCC_OPTIMIZATION_LEVEL = 0;
				GCC_PREPROCESSOR_DEFINITIONS = (
					"DEBUG=1",
					"$(inherited)",
				);
				GCC_WARN_64_TO_32_BIT_CONVERSION = YES;
				GCC_WARN_ABOUT_RETURN_TYPE = YES_ERROR;
				GCC_WARN_UNDECLARED_SELECTOR = YES;
				GCC_WARN_UNINITIALIZED_AUTOS = YES_AGGRESSIVE;
				GCC_WARN_UNUSED_FUNCTION = YES;
				GCC_WARN_UNUSED_VARIABLE = YES;
				IPHONEOS_DEPLOYMENT_TARGET = 14.5;
				MTL_ENABLE_DEBUG_INFO = INCLUDE_SOURCE;
				MTL_FAST_MATH = YES;
				ONLY_ACTIVE_ARCH = YES;
				SDKROOT = iphoneos;
				SWIFT_ACTIVE_COMPILATION_CONDITIONS = DEBUG;
				SWIFT_OPTIMIZATION_LEVEL = "-Onone";
				VERSIONING_SYSTEM = "apple-generic";
				VERSION_INFO_PREFIX = "";
				YOUBORAJWPLAYERADAPTER_VERSION = 6.6.0;
			};
			name = Debug;
		};
		7A866F3127A3CE6F00813C2F /* Release */ = {
			isa = XCBuildConfiguration;
			buildSettings = {
				ALWAYS_SEARCH_USER_PATHS = NO;
				CLANG_ANALYZER_NONNULL = YES;
				CLANG_ANALYZER_NUMBER_OBJECT_CONVERSION = YES_AGGRESSIVE;
				CLANG_CXX_LANGUAGE_STANDARD = "gnu++14";
				CLANG_CXX_LIBRARY = "libc++";
				CLANG_ENABLE_MODULES = YES;
				CLANG_ENABLE_OBJC_ARC = YES;
				CLANG_ENABLE_OBJC_WEAK = YES;
				CLANG_WARN_BLOCK_CAPTURE_AUTORELEASING = YES;
				CLANG_WARN_BOOL_CONVERSION = YES;
				CLANG_WARN_COMMA = YES;
				CLANG_WARN_CONSTANT_CONVERSION = YES;
				CLANG_WARN_DEPRECATED_OBJC_IMPLEMENTATIONS = YES;
				CLANG_WARN_DIRECT_OBJC_ISA_USAGE = YES_ERROR;
				CLANG_WARN_DOCUMENTATION_COMMENTS = YES;
				CLANG_WARN_EMPTY_BODY = YES;
				CLANG_WARN_ENUM_CONVERSION = YES;
				CLANG_WARN_INFINITE_RECURSION = YES;
				CLANG_WARN_INT_CONVERSION = YES;
				CLANG_WARN_NON_LITERAL_NULL_CONVERSION = YES;
				CLANG_WARN_OBJC_IMPLICIT_RETAIN_SELF = YES;
				CLANG_WARN_OBJC_LITERAL_CONVERSION = YES;
				CLANG_WARN_OBJC_ROOT_CLASS = YES_ERROR;
				CLANG_WARN_QUOTED_INCLUDE_IN_FRAMEWORK_HEADER = YES;
				CLANG_WARN_RANGE_LOOP_ANALYSIS = YES;
				CLANG_WARN_STRICT_PROTOTYPES = YES;
				CLANG_WARN_SUSPICIOUS_MOVE = YES;
				CLANG_WARN_UNGUARDED_AVAILABILITY = YES_AGGRESSIVE;
				CLANG_WARN_UNREACHABLE_CODE = YES;
				CLANG_WARN__DUPLICATE_METHOD_MATCH = YES;
				COPY_PHASE_STRIP = NO;
				CURRENT_PROJECT_VERSION = 1;
				DEBUG_INFORMATION_FORMAT = "dwarf-with-dsym";
				ENABLE_NS_ASSERTIONS = NO;
				ENABLE_STRICT_OBJC_MSGSEND = YES;
				GCC_C_LANGUAGE_STANDARD = gnu11;
				GCC_NO_COMMON_BLOCKS = YES;
				GCC_WARN_64_TO_32_BIT_CONVERSION = YES;
				GCC_WARN_ABOUT_RETURN_TYPE = YES_ERROR;
				GCC_WARN_UNDECLARED_SELECTOR = YES;
				GCC_WARN_UNINITIALIZED_AUTOS = YES_AGGRESSIVE;
				GCC_WARN_UNUSED_FUNCTION = YES;
				GCC_WARN_UNUSED_VARIABLE = YES;
				IPHONEOS_DEPLOYMENT_TARGET = 14.5;
				MTL_ENABLE_DEBUG_INFO = NO;
				MTL_FAST_MATH = YES;
				SDKROOT = iphoneos;
				SWIFT_COMPILATION_MODE = wholemodule;
				SWIFT_OPTIMIZATION_LEVEL = "-O";
				VALIDATE_PRODUCT = YES;
				VERSIONING_SYSTEM = "apple-generic";
				VERSION_INFO_PREFIX = "";
				YOUBORAJWPLAYERADAPTER_VERSION = 6.6.0;
			};
			name = Release;
		};
		7A866F3327A3CE6F00813C2F /* Debug */ = {
			isa = XCBuildConfiguration;
			buildSettings = {
				CLANG_ENABLE_MODULES = YES;
				CODE_SIGN_STYLE = Automatic;
				DEFINES_MODULE = YES;
				DEVELOPMENT_TEAM = DAR8GLKRWU;
				DYLIB_COMPATIBILITY_VERSION = 1;
				DYLIB_CURRENT_VERSION = 1;
				DYLIB_INSTALL_NAME_BASE = "@rpath";
				FRAMEWORK_SEARCH_PATHS = (
					"$(inherited)",
					"\"${PODS_CONFIGURATION_BUILD_DIR}/YouboraLib\"",
					"\"${PODS_ROOT}/JWPlayerKit\"",
					"\"${PODS_XCFRAMEWORKS_BUILD_DIR}/JWPlayerKit\"",
					"$(PROJECT_DIR)/Carthage/Build",
				);
				INFOPLIST_FILE = YouboraJWPlayerAdapter/Info.plist;
				INSTALL_PATH = "$(LOCAL_LIBRARY_DIR)/Frameworks";
				IPHONEOS_DEPLOYMENT_TARGET = 10.0;
				LD_RUNPATH_SEARCH_PATHS = (
					"$(inherited)",
					"@executable_path/Frameworks",
					"@loader_path/Frameworks",
				);
				MARKETING_VERSION = "$(YOUBORAJWPLAYERADAPTER_VERSION)";
				PRODUCT_BUNDLE_IDENTIFIER = com.npaw.youbora.YouboraJWPlayerAdapter;
				PRODUCT_NAME = "$(TARGET_NAME:c99extidentifier)";
				SKIP_INSTALL = YES;
				SWIFT_OPTIMIZATION_LEVEL = "-Onone";
				SWIFT_VERSION = 5.0;
				TARGETED_DEVICE_FAMILY = "1,2";
			};
			name = Debug;
		};
		7A866F3427A3CE6F00813C2F /* Release */ = {
			isa = XCBuildConfiguration;
			buildSettings = {
				CLANG_ENABLE_MODULES = YES;
				CODE_SIGN_STYLE = Automatic;
				DEFINES_MODULE = YES;
				DEVELOPMENT_TEAM = DAR8GLKRWU;
				DYLIB_COMPATIBILITY_VERSION = 1;
				DYLIB_CURRENT_VERSION = 1;
				DYLIB_INSTALL_NAME_BASE = "@rpath";
				FRAMEWORK_SEARCH_PATHS = (
					"$(inherited)",
					"\"${PODS_CONFIGURATION_BUILD_DIR}/YouboraLib\"",
					"\"${PODS_ROOT}/JWPlayerKit\"",
					"\"${PODS_XCFRAMEWORKS_BUILD_DIR}/JWPlayerKit\"",
					"$(PROJECT_DIR)/Carthage/Build",
				);
				INFOPLIST_FILE = YouboraJWPlayerAdapter/Info.plist;
				INSTALL_PATH = "$(LOCAL_LIBRARY_DIR)/Frameworks";
				IPHONEOS_DEPLOYMENT_TARGET = 10.0;
				LD_RUNPATH_SEARCH_PATHS = (
					"$(inherited)",
					"@executable_path/Frameworks",
					"@loader_path/Frameworks",
				);
				MARKETING_VERSION = "$(YOUBORAJWPLAYERADAPTER_VERSION)";
				PRODUCT_BUNDLE_IDENTIFIER = com.npaw.youbora.YouboraJWPlayerAdapter;
				PRODUCT_NAME = "$(TARGET_NAME:c99extidentifier)";
				SKIP_INSTALL = YES;
				SWIFT_VERSION = 5.0;
				TARGETED_DEVICE_FAMILY = "1,2";
			};
			name = Release;
		};
/* End XCBuildConfiguration section */

/* Begin XCConfigurationList section */
		7A866F2427A3CE6F00813C2F /* Build configuration list for PBXProject "YouboraJWPlayerAdapter" */ = {
			isa = XCConfigurationList;
			buildConfigurations = (
				7A866F3027A3CE6F00813C2F /* Debug */,
				7A866F3127A3CE6F00813C2F /* Release */,
			);
			defaultConfigurationIsVisible = 0;
			defaultConfigurationName = Release;
		};
		7A866F3227A3CE6F00813C2F /* Build configuration list for PBXNativeTarget "YouboraJWPlayerAdapter" */ = {
			isa = XCConfigurationList;
			buildConfigurations = (
				7A866F3327A3CE6F00813C2F /* Debug */,
				7A866F3427A3CE6F00813C2F /* Release */,
			);
			defaultConfigurationIsVisible = 0;
			defaultConfigurationName = Release;
		};
/* End XCConfigurationList section */
	};
	rootObject = 7A866F2127A3CE6F00813C2F /* Project object */;
}
